# This file is automatically @generated by Cargo.
# It is not intended for manual editing.
version = 4

[[package]]
name = "ap-agent"
version = "0.0.0"

[[package]]
name = "ap-cli"
version = "0.0.0"

[[package]]
name = "ap-core"
version = "0.0.0"

[[package]]
name = "ap-engine"
version = "0.0.0"

[[package]]
name = "ap-faketls"
version = "0.0.0"

[[package]]
name = "ap-frontdoor"
version = "0.0.0"

[[package]]
name = "ap-inbound"
version = "0.0.0"

[[package]]
name = "ap-panel"
version = "0.0.0"

[[package]]
name = "ap-proto"
version = "0.0.0"

[[package]]
name = "ap-store"
version = "0.0.0"
